dependencies:
  espressif/bdc_motor:
    component_hash: 9292b605cfd390ff62225caa93e02700b86377e6a3156620192e4876dcf87b27
    dependencies:
    - name: idf
      require: private
      version: '>=5.0'
    source:
      registry_url: https://components.espressif.com/
      type: service
    version: 0.1.0
  idf:
    source:
      type: idf
    version: 5.1.2
direct_dependencies:
- espressif/bdc_motor
manifest_hash: 99a7c8b679d0bcab15011aaebc2a5ce682c4fb7d191aaf19bc4b7ac2c5bf6654
target: esp32s3
version: 2.0.0
